hash: 7c925fe95fded4c92d0809c3d511e9e6ffe90af7f73636112bc19f9f2cf5a3b0
updated: 2016-08-12T15:22:01.338112394Z
imports:
- name: github.com/docker/docker
  version: d8240c8e27b625c6c2b7982e2473cce46e2a9ddc
  subpackages:
  - opts
  - pkg/archive
  - pkg/fileutils
  - pkg/homedir
  - pkg/idtools
  - pkg/ioutils
  - pkg/longpath
  - pkg/pools
  - pkg/promise
  - pkg/stdcopy
  - pkg/system
- name: github.com/docker/engine-api
  version: 1de6a7919903dfbbabd4b21b139dc583bad0314e
  subpackages:
  - types/filters
  - types/versions
- name: github.com/docker/go-units
  version: eb879ae3e2b84e2a142af415b679ddeda47ec71c
- name: github.com/flynn/go-shlex
  version: 3f9db97f856818214da2e1057f8ad84803971cff
- name: github.com/fsouza/go-dockerclient
  version: a53ba79627e888ef775bdcf15813f07d7a232867
- name: github.com/golang/protobuf
  version: 2c1988e8c18d14b142c0b472624f71647cf39adb
  subpackages:
  - proto
- name: github.com/hashicorp/go-cleanhttp
  version: ad28ea4487f05916463e2423a55166280e8254b5
- name: github.com/kr/pty
  version: ce7fa45920dc37a92de8377972e52bc55ffa8d57
- name: github.com/opencontainers/runc
  version: e9b06d166e2299a13be23ec613b167432faa224a
  subpackages:
  - libcontainer/user
- name: github.com/Sirupsen/logrus
  version: a283a10442df8dc09befd873fab202bf8a253d6a
- name: github.com/streadway/amqp
  version: 2e25825abdbd7752ff08b270d313b93519a0a232
- name: github.com/vexor/ssh-proxy
  version: 5a07e9ed492b3476b5eb4df920f499f8ce967188
  subpackages:
  - messages
- name: golang.org/x/crypto
  version: 595bbbd7f5f308415a544d3c55743c91427c8d99
  subpackages:
  - curve25519
  - ed25519
  - ed25519/internal/edwards25519
  - ssh
- name: golang.org/x/net
  version: 07b51741c1d6423d4a6abab1c49940ec09cb1aaf
  subpackages:
  - context
  - context/ctxhttp
- name: golang.org/x/sys
  version: a646d33e2ee3172a661fc09bca23bb4889a41bc8
  subpackages:
  - unix
- name: gopkg.in/urfave/cli.v1
  version: 1efa31f08b9333f1bd4882d61f9d668a70cd902e
testImports: []
